
Microsoft Visual Studio Solution File, Format Version 12.00
# Visual Studio 15
VisualStudioVersion = 15.0.28010.2016
MinimumVisualStudioVersion = 10.0.40219.1
Project("{FAE04EC0-301F-11D3-BF4B-00C04F79EFBC}") = "T1708M1_New", "T1708M1_New\T1708M1_New.csproj", "{3F27C8A4-C81D-44A2-86DC-8EB9D791B42E}"
EndProject
Global
	GlobalSection(SolutionConfigurationPlatforms) = preSolution
		Debug|Any CPU = Debug|Any CPU
		Release|Any CPU = Release|Any CPU
	EndGlobalSection
	GlobalSection(ProjectConfigurationPlatforms) = postSolution
		{3F27C8A4-C81D-44A2-86DC-8EB9D791B42E}.Debug|Any CPU.ActiveCfg = Debug|Any CPU
		{3F27C8A4-C81D-44A2-86DC-8EB9D791B42E}.Debug|Any CPU.Build.0 = Debug|Any CPU
		{3F27C8A4-C81D-44A2-86DC-8EB9D791B42E}.Release|Any CPU.ActiveCfg = Release|Any CPU
		{3F27C8A4-C81D-44A2-86DC-8EB9D791B42E}.Release|Any CPU.Build.0 = Release|Any CPU
	EndGlobalSection
	GlobalSection(SolutionProperties) = preSolution
		HideSolutionNode = FALSE
	EndGlobalSection
	GlobalSection(ExtensibilityGlobals) = postSolution
		SolutionGuid = {08929EA3-E6D9-4723-8366-EF45E85C7BB0}
	EndGlobalSection
EndGlobal
